
Microsoft Visual Studio Solution File, Format Version 12.00
# Visual Studio Version 16
VisualStudioVersion = 16.0.29709.97
MinimumVisualStudioVersion = 10.0.40219.1
Project("{FAE04EC0-301F-11D3-BF4B-00C04F79EFBC}") = "WebNotes", "WebNotes\WebNotes.csproj", "{814C0E81-BEB0-4FD8-A31E-C0DD1609F654}"
EndProject
Global
	GlobalSection(SolutionConfigurationPlatforms) = preSolution
		Debug|Any CPU = Debug|Any CPU
		Release|Any CPU = Release|Any CPU
	EndGlobalSection
	GlobalSection(ProjectConfigurationPlatforms) = postSolution
		{814C0E81-BEB0-4FD8-A31E-C0DD1609F654}.Debug|Any CPU.ActiveCfg = Debug|Any CPU
		{814C0E81-BEB0-4FD8-A31E-C0DD1609F654}.Debug|Any CPU.Build.0 = Debug|Any CPU
		{814C0E81-BEB0-4FD8-A31E-C0DD1609F654}.Release|Any CPU.ActiveCfg = Release|Any CPU
		{814C0E81-BEB0-4FD8-A31E-C0DD1609F654}.Release|Any CPU.Build.0 = Release|Any CPU
	EndGlobalSection
	GlobalSection(SolutionProperties) = preSolution
		HideSolutionNode = FALSE
	EndGlobalSection
	GlobalSection(ExtensibilityGlobals) = postSolution
		SolutionGuid = {418CD539-A18D-45CD-9638-74CED605C4E6}
	EndGlobalSection
EndGlobal
